github.com/dottics/dutil v0.0.0-20211102062956-544d4946a1a4 h1:+ZokYjMXSgEa7un/OOnTWeyd69S+nJZgDhE5+vUh+rU=
github.com/dottics/dutil v0.0.0-20211102062956-544d4946a1a4/go.mod h1:UqhesIdv+aHE5UbQKNTmN3lqg8hcZfuAW+IeP6lgNUY=
github.com/google/uuid v1.3.0 h1:t6JiXgmwXMjEs8VusXIJk2BXHsn+wx8BZdTaoZ5fu7I=
github.com/google/uuid v1.3.0/go.mod h1:TIyPZe4MgqvfeYDBFedMoGGpEw/LqOeaOT+nhxU+yHo=
